
Microsoft Visual Studio Solution File, Format Version 12.00
# Visual Studio Version 17
VisualStudioVersion = 17.8.34525.116
MinimumVisualStudioVersion = 10.0.40219.1
Project("{2150E333-8FDC-42A3-9474-1A3956D46DE8}") = "src", "src", "{1EBD4DB9-3419-4400-8F9B-4D3DCF96A5CA}"
EndProject
Project("{2150E333-8FDC-42A3-9474-1A3956D46DE8}") = "tests", "tests", "{6A8B8474-4FC4-446D-9C3F-F79B3E861106}"
EndProject
Project("{FAE04EC0-301F-11D3-BF4B-00C04F79EFBC}") = "RocketseatAuction.API", "scr\RocketseatAuction.API\RocketseatAuction.API.csproj", "{F20EC47F-D9D0-4545-A087-6459E123DFF1}"
EndProject
Global
	GlobalSection(SolutionConfigurationPlatforms) = preSolution
		Debug|Any CPU = Debug|Any CPU
		Release|Any CPU = Release|Any CPU
	EndGlobalSection
	GlobalSection(ProjectConfigurationPlatforms) = postSolution
		{F20EC47F-D9D0-4545-A087-6459E123DFF1}.Debug|Any CPU.ActiveCfg = Debug|Any CPU
		{F20EC47F-D9D0-4545-A087-6459E123DFF1}.Debug|Any CPU.Build.0 = Debug|Any CPU
		{F20EC47F-D9D0-4545-A087-6459E123DFF1}.Release|Any CPU.ActiveCfg = Release|Any CPU
		{F20EC47F-D9D0-4545-A087-6459E123DFF1}.Release|Any CPU.Build.0 = Release|Any CPU
	EndGlobalSection
	GlobalSection(SolutionProperties) = preSolution
		HideSolutionNode = FALSE
	EndGlobalSection
	GlobalSection(NestedProjects) = preSolution
		{F20EC47F-D9D0-4545-A087-6459E123DFF1} = {1EBD4DB9-3419-4400-8F9B-4D3DCF96A5CA}
	EndGlobalSection
	GlobalSection(ExtensibilityGlobals) = postSolution
		SolutionGuid = {913160AC-B4F9-4585-86EB-5469CCECB2CD}
	EndGlobalSection
EndGlobal
